// !$*UTF8*$!
{
	archiveVersion = 1;
	classes = {
	};
	objectVersion = 56;
	objects = {

/* Begin PBXBuildFile section */
		0E21DBA46F8492444A8ED8A5 /* Constants.swift in Sources */ = {isa = PBXBuildFile; fileRef = 3167DCB9FBA59ABB61E4FDF8 /* Constants.swift */; };
		AA2B3C4D5E6F70819876FEDC /* SearchLocationResponse.swift in Sources */ = {isa = PBXBuildFile; fileRef = BB3C4D5E6F7081987654EDCB /* SearchLocationResponse.swift */; };
		154FE4705892F9DCF91A0855 /* GlassmorphicBackground.swift in Sources */ = {isa = PBXBuildFile; fileRef = 3E5D457D3E80758A16D5BCB7 /* GlassmorphicBackground.swift */; };
		29DBF08BCE377AE1A1966407 /* WeatherDetailView.swift in Sources */ = {isa = PBXBuildFile; fileRef = 2A2A9D9D476BCDC5972816B7 /* WeatherDetailView.swift */; };
		32B4B4F2EE2E10AF7CBAA86F /* TimeOfDayHelper.swift in Sources */ = {isa = PBXBuildFile; fileRef = C6F1B0272C70CB0204FB872D /* TimeOfDayHelper.swift */; };
		35FF3BFDA5DC7FDE824F8AEA /* ForecastRowView.swift in Sources */ = {isa = PBXBuildFile; fileRef = 79B43817AB6BA4DF0AACDD84 /* ForecastRowView.swift */; };
		3DDE856A06BA3E4D41386790 /* HourlyForecastView.swift in Sources */ = {isa = PBXBuildFile; fileRef = 6452C276788BFB6FEC90A656 /* HourlyForecastView.swift */; };
		5A9A9CCE2FE8E0450070E8B5 /* WeatherHubApp.swift in Sources */ = {isa = PBXBuildFile; fileRef = 5A9A9CCD2FE8E0450070E8B5 /* WeatherHubApp.swift */; };
		5A9A9CD22FE8E0470070E8B5 /* Assets.xcassets in Resources */ = {isa = PBXBuildFile; fileRef = 5A9A9CD12FE8E0470070E8B5 /* Assets.xcassets */; };
		5A9A9CD52FE8E0470070E8B5 /* Preview Assets.xcassets in Resources */ = {isa = PBXBuildFile; fileRef = 5A9A9CD42FE8E0470070E8B5 /* Preview Assets.xcassets */; };
		5A9A9CDA2FE8E0470070E8B5 /* WeatherHub.xcdatamodeld in Sources */ = {isa = PBXBuildFile; fileRef = 5A9A9CD82FE8E0470070E8B5 /* WeatherHub.xcdatamodeld */; };
		5A9A9CE42FE8E0470070E8B5 /* WeatherHubTests.swift in Sources */ = {isa = PBXBuildFile; fileRef = 5A9A9CE32FE8E0470070E8B5 /* WeatherHubTests.swift */; };
		5A9A9CEE2FE8E0470070E8B5 /* WeatherHubUITests.swift in Sources */ = {isa = PBXBuildFile; fileRef = 5A9A9CED2FE8E0470070E8B5 /* WeatherHubUITests.swift */; };
		5A9A9CF02FE8E0470070E8B5 /* WeatherHubUITestsLaunchTests.swift in Sources */ = {isa = PBXBuildFile; fileRef = 5A9A9CEF2FE8E0470070E8B5 /* WeatherHubUITestsLaunchTests.swift */; };
		5A9A9CFD2FE8E3730070E8B5 /* Home.swift in Sources */ = {isa = PBXBuildFile; fileRef = 5A9A9CFC2FE8E3730070E8B5 /* Home.swift */; };
		5F4FDF317CDEEEC48DFBA2C0 /* CoreDataService.swift in Sources */ = {isa = PBXBuildFile; fileRef = EEE5DF96D0828F21D105C920 /* CoreDataService.swift */; };
		60CB9451CCCAF9CD2CB86541 /* WeatherViewModel.swift in Sources */ = {isa = PBXBuildFile; fileRef = C174637EAFB63B18A70CFC3A /* WeatherViewModel.swift */; };
		636E5FD555E2CD8B3B98151E /* FavouriteLocationRepository.swift in Sources */ = {isa = PBXBuildFile; fileRef = 34FE08F9444A385B540851F1 /* FavouriteLocationRepository.swift */; };
		6899F822FFB0B81973A146C1 /* SavedLocationsView.swift in Sources */ = {isa = PBXBuildFile; fileRef = A6B07E4F6C30E6F1CF0B0933 /* SavedLocationsView.swift */; };
		6A70FB6FD0D4829FD60A7F25 /* HourlyCell.swift in Sources */ = {isa = PBXBuildFile; fileRef = 02000EF69F373306EA4E61FA /* HourlyCell.swift */; };
		71B09304BCCBEEF07B449A11 /* City.swift in Sources */ = {isa = PBXBuildFile; fileRef = 6D34324B3B2F5612A6CF82C4 /* City.swift */; };
		73CB025431F8A8CC63C793F8 /* Persistence.swift in Sources */ = {isa = PBXBuildFile; fileRef = C219DF3B7505625D65A2AD21 /* Persistence.swift */; };
		8226BF54B563929DB200C93E /* CityList.swift in Sources */ = {isa = PBXBuildFile; fileRef = C503FEB053251BBB6C5A6AC3 /* CityList.swift */; };
		AA1B2C3D4E5F60718234BCDE /* TimeOfDayManager.swift in Sources */ = {isa = PBXBuildFile; fileRef = BB2C3D4E5F6071823456CDEF /* TimeOfDayManager.swift */; };
		ABBB821B0F647862CB1F019D /* WeatherResponse.swift in Sources */ = {isa = PBXBuildFile; fileRef = 5B8199DD00E49F260DE120D9 /* WeatherResponse.swift */; };
		B164E941F4ECA16040B14C3D /* NetworkService.swift in Sources */ = {isa = PBXBuildFile; fileRef = 8F9194B7CA9BDD33869BCFA5 /* NetworkService.swift */; };
		B9AA9A9F9B11791693C01C16 /* WeatherInfoCard.swift in Sources */ = {isa = PBXBuildFile; fileRef = A11F1AE126786A5E457C5CE6 /* WeatherInfoCard.swift */; };
		C31BE6BE4441C4DBA0B6BDC4 /* SearchViewModel.swift in Sources */ = {isa = PBXBuildFile; fileRef = A2DACE469F1C19A81F047926 /* SearchViewModel.swift */; };
		D77A49F7F4D64E04768D8213 /* AsyncWeatherIcon.swift in Sources */ = {isa = PBXBuildFile; fileRef = E9E2AE918D3A1921A7A49E79 /* AsyncWeatherIcon.swift */; };
		ED459902DBFF49729DFDBE63 /* HourlyForecastViewModel.swift in Sources */ = {isa = PBXBuildFile; fileRef = B53DEA00B81DEB53B02578EE /* HourlyForecastViewModel.swift */; };
		F1A2B3C4D5E6F7081234ABCD /* LocationManager.swift in Sources */ = {isa = PBXBuildFile; fileRef = A1B2C3D4E5F607182345BCDE /* LocationManager.swift */; };
		FCB732934DD0FF163B125A64 /* WeatherRepository.swift in Sources */ = {isa = PBXBuildFile; fileRef = CA11330D7490268468BCA266 /* WeatherRepository.swift */; };
/* End PBXBuildFile section */

/* Begin PBXContainerItemProxy section */
		5A9A9CE02FE8E0470070E8B5 /* PBXContainerItemProxy */ = {
			isa = PBXContainerItemProxy;
			containerPortal = 5A9A9CC22FE8E0450070E8B5 /* Project object */;
			proxyType = 1;
			remoteGlobalIDString = 5A9A9CC92FE8E0450070E8B5;
			remoteInfo = WeatherHub;
		};
		5A9A9CEA2FE8E0470070E8B5 /* PBXContainerItemProxy */ = {
			isa = PBXContainerItemProxy;
			containerPortal = 5A9A9CC22FE8E0450070E8B5 /* Project object */;
			proxyType = 1;
			remoteGlobalIDString = 5A9A9CC92FE8E0450070E8B5;
			remoteInfo = WeatherHub;
		};
/* End PBXContainerItemProxy section */

/* Begin PBXFileReference section */
		02000EF69F373306EA4E61FA /* HourlyCell.swift */ = {isa = PBXFileReference; includeInIndex = 1; lastKnownFileType = sourcecode.swift; path = HourlyCell.swift; sourceTree = "<group>"; };
		2A2A9D9D476BCDC5972816B7 /* WeatherDetailView.swift */ = {isa = PBXFileReference; includeInIndex = 1; lastKnownFileType = sourcecode.swift; path = WeatherDetailView.swift; sourceTree = "<group>"; };
		3167DCB9FBA59ABB61E4FDF8 /* Constants.swift */ = {isa = PBXFileReference; includeInIndex = 1; lastKnownFileType = sourcecode.swift; path = Constants.swift; sourceTree = "<group>"; };
		34FE08F9444A385B540851F1 /* FavouriteLocationRepository.swift */ = {isa = PBXFileReference; includeInIndex = 1; lastKnownFileType = sourcecode.swift; path = FavouriteLocationRepository.swift; sourceTree = "<group>"; };
		3E5D457D3E80758A16D5BCB7 /* GlassmorphicBackground.swift */ = {isa = PBXFileReference; includeInIndex = 1; lastKnownFileType = sourcecode.swift; path = GlassmorphicBackground.swift; sourceTree = "<group>"; };
		5A9A9CCA2FE8E0450070E8B5 /* WeatherHub.app */ = {isa = PBXFileReference; explicitFileType = wrapper.application; includeInIndex = 0; path = WeatherHub.app; sourceTree = BUILT_PRODUCTS_DIR; };
		5A9A9CCD2FE8E0450070E8B5 /* WeatherHubApp.swift */ = {isa = PBXFileReference; lastKnownFileType = sourcecode.swift; path = WeatherHubApp.swift; sourceTree = "<group>"; };
		5A9A9CD12FE8E0470070E8B5 /* Assets.xcassets */ = {isa = PBXFileReference; lastKnownFileType = folder.assetcatalog; path = Assets.xcassets; sourceTree = "<group>"; };
		5A9A9CD42FE8E0470070E8B5 /* Preview Assets.xcassets */ = {isa = PBXFileReference; lastKnownFileType = folder.assetcatalog; path = "Preview Assets.xcassets"; sourceTree = "<group>"; };
		5A9A9CD92FE8E0470070E8B5 /* WeatherHub.xcdatamodel */ = {isa = PBXFileReference; lastKnownFileType = wrapper.xcdatamodel; path = WeatherHub.xcdatamodel; sourceTree = "<group>"; };
		5A9A9CDF2FE8E0470070E8B5 /* WeatherHubTests.xctest */ = {isa = PBXFileReference; explicitFileType = wrapper.cfbundle; includeInIndex = 0; path = WeatherHubTests.xctest; sourceTree = BUILT_PRODUCTS_DIR; };
		5A9A9CE32FE8E0470070E8B5 /* WeatherHubTests.swift */ = {isa = PBXFileReference; lastKnownFileType = sourcecode.swift; path = WeatherHubTests.swift; sourceTree = "<group>"; };
		5A9A9CE92FE8E0470070E8B5 /* WeatherHubUITests.xctest */ = {isa = PBXFileReference; explicitFileType = wrapper.cfbundle; includeInIndex = 0; path = WeatherHubUITests.xctest; sourceTree = BUILT_PRODUCTS_DIR; };
		5A9A9CED2FE8E0470070E8B5 /* WeatherHubUITests.swift */ = {isa = PBXFileReference; lastKnownFileType = sourcecode.swift; path = WeatherHubUITests.swift; sourceTree = "<group>"; };
		5A9A9CEF2FE8E0470070E8B5 /* WeatherHubUITestsLaunchTests.swift */ = {isa = PBXFileReference; lastKnownFileType = sourcecode.swift; path = WeatherHubUITestsLaunchTests.swift; sourceTree = "<group>"; };
		5A9A9CFC2FE8E3730070E8B5 /* Home.swift */ = {isa = PBXFileReference; lastKnownFileType = sourcecode.swift; path = Home.swift; sourceTree = "<group>"; };
		5B8199DD00E49F260DE120D9 /* WeatherResponse.swift */ = {isa = PBXFileReference; includeInIndex = 1; lastKnownFileType = sourcecode.swift; path = WeatherResponse.swift; sourceTree = "<group>"; };
		6452C276788BFB6FEC90A656 /* HourlyForecastView.swift */ = {isa = PBXFileReference; includeInIndex = 1; lastKnownFileType = sourcecode.swift; path = HourlyForecastView.swift; sourceTree = "<group>"; };
		6D34324B3B2F5612A6CF82C4 /* City.swift */ = {isa = PBXFileReference; includeInIndex = 1; lastKnownFileType = sourcecode.swift; path = City.swift; sourceTree = "<group>"; };
		79B43817AB6BA4DF0AACDD84 /* ForecastRowView.swift */ = {isa = PBXFileReference; includeInIndex = 1; lastKnownFileType = sourcecode.swift; path = ForecastRowView.swift; sourceTree = "<group>"; };
		8F9194B7CA9BDD33869BCFA5 /* NetworkService.swift */ = {isa = PBXFileReference; includeInIndex = 1; lastKnownFileType = sourcecode.swift; path = NetworkService.swift; sourceTree = "<group>"; };
		A11F1AE126786A5E457C5CE6 /* WeatherInfoCard.swift */ = {isa = PBXFileReference; includeInIndex = 1; lastKnownFileType = sourcecode.swift; path = WeatherInfoCard.swift; sourceTree = "<group>"; };
		A1B2C3D4E5F607182345BCDE /* LocationManager.swift */ = {isa = PBXFileReference; includeInIndex = 1; lastKnownFileType = sourcecode.swift; path = LocationManager.swift; sourceTree = "<group>"; };
		A2DACE469F1C19A81F047926 /* SearchViewModel.swift */ = {isa = PBXFileReference; includeInIndex = 1; lastKnownFileType = sourcecode.swift; path = SearchViewModel.swift; sourceTree = "<group>"; };
		A6B07E4F6C30E6F1CF0B0933 /* SavedLocationsView.swift */ = {isa = PBXFileReference; includeInIndex = 1; lastKnownFileType = sourcecode.swift; path = SavedLocationsView.swift; sourceTree = "<group>"; };
		B53DEA00B81DEB53B02578EE /* HourlyForecastViewModel.swift */ = {isa = PBXFileReference; includeInIndex = 1; lastKnownFileType = sourcecode.swift; path = HourlyForecastViewModel.swift; sourceTree = "<group>"; };
		BB2C3D4E5F6071823456CDEF /* TimeOfDayManager.swift */ = {isa = PBXFileReference; includeInIndex = 1; lastKnownFileType = sourcecode.swift; path = TimeOfDayManager.swift; sourceTree = "<group>"; };
		C174637EAFB63B18A70CFC3A /* WeatherViewModel.swift */ = {isa = PBXFileReference; includeInIndex = 1; lastKnownFileType = sourcecode.swift; path = WeatherViewModel.swift; sourceTree = "<group>"; };
		C219DF3B7505625D65A2AD21 /* Persistence.swift */ = {isa = PBXFileReference; includeInIndex = 1; lastKnownFileType = sourcecode.swift; path = Persistence.swift; sourceTree = "<group>"; };
		C503FEB053251BBB6C5A6AC3 /* CityList.swift */ = {isa = PBXFileReference; includeInIndex = 1; lastKnownFileType = sourcecode.swift; path = CityList.swift; sourceTree = "<group>"; };
		C6F1B0272C70CB0204FB872D /* TimeOfDayHelper.swift */ = {isa = PBXFileReference; includeInIndex = 1; lastKnownFileType = sourcecode.swift; path = TimeOfDayHelper.swift; sourceTree = "<group>"; };
		CA11330D7490268468BCA266 /* WeatherRepository.swift */ = {isa = PBXFileReference; includeInIndex = 1; lastKnownFileType = sourcecode.swift; path = WeatherRepository.swift; sourceTree = "<group>"; };
		E9E2AE918D3A1921A7A49E79 /* AsyncWeatherIcon.swift */ = {isa = PBXFileReference; includeInIndex = 1; lastKnownFileType = sourcecode.swift; path = AsyncWeatherIcon.swift; sourceTree = "<group>"; };
		EEE5DF96D0828F21D105C920 /* CoreDataService.swift */ = {isa = PBXFileReference; includeInIndex = 1; lastKnownFileType = sourcecode.swift; path = CoreDataService.swift; sourceTree = "<group>"; };
		BB3C4D5E6F7081987654EDCB /* SearchLocationResponse.swift */ = {isa = PBXFileReference; includeInIndex = 1; lastKnownFileType = sourcecode.swift; path = SearchLocationResponse.swift; sourceTree = "<group>"; };
/* End PBXFileReference section */

/* Begin PBXFrameworksBuildPhase section */
		5A9A9CC72FE8E0450070E8B5 /* Frameworks */ = {
			isa = PBXFrameworksBuildPhase;
			buildActionMask = 2147483647;
			files = (
			);
			runOnlyForDeploymentPostprocessing = 0;
		};
		5A9A9CDC2FE8E0470070E8B5 /* Frameworks */ = {
			isa = PBXFrameworksBuildPhase;
			buildActionMask = 2147483647;
			files = (
			);
			runOnlyForDeploymentPostprocessing = 0;
		};
		5A9A9CE62FE8E0470070E8B5 /* Frameworks */ = {
			isa = PBXFrameworksBuildPhase;
			buildActionMask = 2147483647;
			files = (
			);
			runOnlyForDeploymentPostprocessing = 0;
		};
/* End PBXFrameworksBuildPhase section */

/* Begin PBXGroup section */
		230D2F59508C81860B5439AD /* Services */ = {
			isa = PBXGroup;
			children = (
				5A9971432FED1F1300F67399 /* RemoteServices */,
				5A999F842FEC72DC0009B158 /* LocalServoces */,
				A1B2C3D4E5F607182345BCDE /* LocationManager.swift */,
			);
			path = Services;
			sourceTree = "<group>";
		};
		41FDDEF6267C012700A5BDF8 /* Utilities */ = {
			isa = PBXGroup;
			children = (
				3167DCB9FBA59ABB61E4FDF8 /* Constants.swift */,
				C6F1B0272C70CB0204FB872D /* TimeOfDayHelper.swift */,
				BB2C3D4E5F6071823456CDEF /* TimeOfDayManager.swift */,
				C503FEB053251BBB6C5A6AC3 /* CityList.swift */,
			);
			path = Utilities;
			sourceTree = "<group>";
		};
		524D3F089666D44A9E5AE40A /* Repositories */ = {
			isa = PBXGroup;
			children = (
				CA11330D7490268468BCA266 /* WeatherRepository.swift */,
				34FE08F9444A385B540851F1 /* FavouriteLocationRepository.swift */,
			);
			path = Repositories;
			sourceTree = "<group>";
		};
		5A9971432FED1F1300F67399 /* RemoteServices */ = {
			isa = PBXGroup;
			children = (
				8F9194B7CA9BDD33869BCFA5 /* NetworkService.swift */,
			);
			path = RemoteServices;
			sourceTree = "<group>";
		};
		5A999F812FEC6FF90009B158 /* Entities */ = {
			isa = PBXGroup;
			children = (
				6D34324B3B2F5612A6CF82C4 /* City.swift */,
				5B8199DD00E49F260DE120D9 /* WeatherResponse.swift */,
				BB3C4D5E6F7081987654EDCB /* SearchLocationResponse.swift */,
			);
			path = Entities;
			sourceTree = "<group>";
		};
		5A999F842FEC72DC0009B158 /* LocalServoces */ = {
			isa = PBXGroup;
			children = (
				C219DF3B7505625D65A2AD21 /* Persistence.swift */,
				EEE5DF96D0828F21D105C920 /* CoreDataService.swift */,
			);
			path = LocalServoces;
			sourceTree = "<group>";
		};
		5A999F852FEC73220009B158 /* Moduels */ = {
			isa = PBXGroup;
			children = (
				5A999F8C2FEC74750009B158 /* SavedLocations */,
				5A999F892FEC741A0009B158 /* HourlyForecast */,
				5A999F862FEC73950009B158 /* Home */,
			);
			path = Moduels;
			sourceTree = "<group>";
		};
		5A999F862FEC73950009B158 /* Home */ = {
			isa = PBXGroup;
			children = (
				5A999F882FEC73C00009B158 /* View */,
				5A999F872FEC73AF0009B158 /* Viewmodel */,
			);
			path = Home;
			sourceTree = "<group>";
		};
		5A999F872FEC73AF0009B158 /* Viewmodel */ = {
			isa = PBXGroup;
			children = (
				C174637EAFB63B18A70CFC3A /* WeatherViewModel.swift */,
			);
			path = Viewmodel;
			sourceTree = "<group>";
		};
		5A999F882FEC73C00009B158 /* View */ = {
			isa = PBXGroup;
			children = (
				5A9A9CFC2FE8E3730070E8B5 /* Home.swift */,
				2A2A9D9D476BCDC5972816B7 /* WeatherDetailView.swift */,
				A11F1AE126786A5E457C5CE6 /* WeatherInfoCard.swift */,
				79B43817AB6BA4DF0AACDD84 /* ForecastRowView.swift */,
			);
			path = View;
			sourceTree = "<group>";
		};
		5A999F892FEC741A0009B158 /* HourlyForecast */ = {
			isa = PBXGroup;
			children = (
				5A999F8B2FEC742F0009B158 /* ViewModel */,
				5A999F8A2FEC74260009B158 /* View */,
			);
			path = HourlyForecast;
			sourceTree = "<group>";
		};
		5A999F8A2FEC74260009B158 /* View */ = {
			isa = PBXGroup;
			children = (
				02000EF69F373306EA4E61FA /* HourlyCell.swift */,
				6452C276788BFB6FEC90A656 /* HourlyForecastView.swift */,
			);
			path = View;
			sourceTree = "<group>";
		};
		5A999F8B2FEC742F0009B158 /* ViewModel */ = {
			isa = PBXGroup;
			children = (
				B53DEA00B81DEB53B02578EE /* HourlyForecastViewModel.swift */,
			);
			path = ViewModel;
			sourceTree = "<group>";
		};
		5A999F8C2FEC74750009B158 /* SavedLocations */ = {
			isa = PBXGroup;
			children = (
				5A999F8E2FEC74A60009B158 /* ViewModel */,
				5A999F8D2FEC749D0009B158 /* View */,
			);
			path = SavedLocations;
			sourceTree = "<group>";
		};
		5A999F8D2FEC749D0009B158 /* View */ = {
			isa = PBXGroup;
			children = (
				A6B07E4F6C30E6F1CF0B0933 /* SavedLocationsView.swift */,
			);
			path = View;
			sourceTree = "<group>";
		};
		5A999F8E2FEC74A60009B158 /* ViewModel */ = {
			isa = PBXGroup;
			children = (
				A2DACE469F1C19A81F047926 /* SearchViewModel.swift */,
			);
			path = ViewModel;
			sourceTree = "<group>";
		};
		5A9A9CC12FE8E0450070E8B5 = {
			isa = PBXGroup;
			children = (
				5A9A9CCC2FE8E0450070E8B5 /* WeatherHub */,
				5A9A9CE22FE8E0470070E8B5 /* WeatherHubTests */,
				5A9A9CEC2FE8E0470070E8B5 /* WeatherHubUITests */,
				5A9A9CCB2FE8E0450070E8B5 /* Products */,
			);
			sourceTree = "<group>";
		};
		5A9A9CCB2FE8E0450070E8B5 /* Products */ = {
			isa = PBXGroup;
			children = (
				5A9A9CCA2FE8E0450070E8B5 /* WeatherHub.app */,
				5A9A9CDF2FE8E0470070E8B5 /* WeatherHubTests.xctest */,
				5A9A9CE92FE8E0470070E8B5 /* WeatherHubUITests.xctest */,
			);
			name = Products;
			sourceTree = "<group>";
		};
		5A9A9CCC2FE8E0450070E8B5 /* WeatherHub */ = {
			isa = PBXGroup;
			children = (
				5A9A9CD12FE8E0470070E8B5 /* Assets.xcassets */,
				5A9A9CD82FE8E0470070E8B5 /* WeatherHub.xcdatamodeld */,
				5A9A9CD32FE8E0470070E8B5 /* Preview Content */,
				5A999F852FEC73220009B158 /* Moduels */,
				CF7B51A597A45E1CC66203A7 /* Model */,
				41FDDEF6267C012700A5BDF8 /* Utilities */,
				A25F3D8A2B10F86F7ECC1B93 /* Views */,
				524D3F089666D44A9E5AE40A /* Repositories */,
			);
			path = WeatherHub;
			sourceTree = "<group>";
		};
		5A9A9CD32FE8E0470070E8B5 /* Preview Content */ = {
			isa = PBXGroup;
			children = (
				5A9A9CD42FE8E0470070E8B5 /* Preview Assets.xcassets */,
			);
			path = "Preview Content";
			sourceTree = "<group>";
		};
		5A9A9CE22FE8E0470070E8B5 /* WeatherHubTests */ = {
			isa = PBXGroup;
			children = (
				5A9A9CE32FE8E0470070E8B5 /* WeatherHubTests.swift */,
			);
			path = WeatherHubTests;
			sourceTree = "<group>";
		};
		5A9A9CEC2FE8E0470070E8B5 /* WeatherHubUITests */ = {
			isa = PBXGroup;
			children = (
				5A9A9CED2FE8E0470070E8B5 /* WeatherHubUITests.swift */,
				5A9A9CEF2FE8E0470070E8B5 /* WeatherHubUITestsLaunchTests.swift */,
			);
			path = WeatherHubUITests;
			sourceTree = "<group>";
		};
		A25F3D8A2B10F86F7ECC1B93 /* Views */ = {
			isa = PBXGroup;
			children = (
				5A9A9CCD2FE8E0450070E8B5 /* WeatherHubApp.swift */,
				3E5D457D3E80758A16D5BCB7 /* GlassmorphicBackground.swift */,
				E9E2AE918D3A1921A7A49E79 /* AsyncWeatherIcon.swift */,
			);
			path = Views;
			sourceTree = "<group>";
		};
		CF7B51A597A45E1CC66203A7 /* Model */ = {
			isa = PBXGroup;
			children = (
				230D2F59508C81860B5439AD /* Services */,
				5A999F812FEC6FF90009B158 /* Entities */,
			);
			path = Model;
			sourceTree = "<group>";
		};
/* End PBXGroup section */

/* Begin PBXNativeTarget section */
		5A9A9CC92FE8E0450070E8B5 /* WeatherHub */ = {
			isa = PBXNativeTarget;
			buildConfigurationList = 5A9A9CF32FE8E0470070E8B5 /* Build configuration list for PBXNativeTarget "WeatherHub" */;
			buildPhases = (
				5A9A9CC62FE8E0450070E8B5 /* Sources */,
				5A9A9CC72FE8E0450070E8B5 /* Frameworks */,
				5A9A9CC82FE8E0450070E8B5 /* Resources */,
			);
			buildRules = (
			);
			dependencies = (
			);
			name = WeatherHub;
			productName = WeatherHub;
			productReference = 5A9A9CCA2FE8E0450070E8B5 /* WeatherHub.app */;
			productType = "com.apple.product-type.application";
		};
		5A9A9CDE2FE8E0470070E8B5 /* WeatherHubTests */ = {
			isa = PBXNativeTarget;
			buildConfigurationList = 5A9A9CF62FE8E0470070E8B5 /* Build configuration list for PBXNativeTarget "WeatherHubTests" */;
			buildPhases = (
				5A9A9CDB2FE8E0470070E8B5 /* Sources */,
				5A9A9CDC2FE8E0470070E8B5 /* Frameworks */,
				5A9A9CDD2FE8E0470070E8B5 /* Resources */,
			);
			buildRules = (
			);
			dependencies = (
				5A9A9CE12FE8E0470070E8B5 /* PBXTargetDependency */,
			);
			name = WeatherHubTests;
			productName = WeatherHubTests;
			productReference = 5A9A9CDF2FE8E0470070E8B5 /* WeatherHubTests.xctest */;
			productType = "com.apple.product-type.bundle.unit-test";
		};
		5A9A9CE82FE8E0470070E8B5 /* WeatherHubUITests */ = {
			isa = PBXNativeTarget;
			buildConfigurationList = 5A9A9CF92FE8E0470070E8B5 /* Build configuration list for PBXNativeTarget "WeatherHubUITests" */;
			buildPhases = (
				5A9A9CE52FE8E0470070E8B5 /* Sources */,
				5A9A9CE62FE8E0470070E8B5 /* Frameworks */,
				5A9A9CE72FE8E0470070E8B5 /* Resources */,
			);
			buildRules = (
			);
			dependencies = (
				5A9A9CEB2FE8E0470070E8B5 /* PBXTargetDependency */,
			);
			name = WeatherHubUITests;
			productName = WeatherHubUITests;
			productReference = 5A9A9CE92FE8E0470070E8B5 /* WeatherHubUITests.xctest */;
			productType = "com.apple.product-type.bundle.ui-testing";
		};
/* End PBXNativeTarget section */

/* Begin PBXProject section */
		5A9A9CC22FE8E0450070E8B5 /* Project object */ = {
			isa = PBXProject;
			attributes = {
				BuildIndependentTargetsInParallel = 1;
				LastSwiftUpdateCheck = 1420;
				LastUpgradeCheck = 1420;
				TargetAttributes = {
					5A9A9CC92FE8E0450070E8B5 = {
						CreatedOnToolsVersion = 14.2;
					};
					5A9A9CDE2FE8E0470070E8B5 = {
						CreatedOnToolsVersion = 14.2;
						TestTargetID = 5A9A9CC92FE8E0450070E8B5;
					};
					5A9A9CE82FE8E0470070E8B5 = {
						CreatedOnToolsVersion = 14.2;
						TestTargetID = 5A9A9CC92FE8E0450070E8B5;
					};
				};
			};
			buildConfigurationList = 5A9A9CC52FE8E0450070E8B5 /* Build configuration list for PBXProject "WeatherHub" */;
			compatibilityVersion = "Xcode 14.0";
			developmentRegion = en;
			hasScannedForEncodings = 0;
			knownRegions = (
				en,
				Base,
			);
			mainGroup = 5A9A9CC12FE8E0450070E8B5;
			productRefGroup = 5A9A9CCB2FE8E0450070E8B5 /* Products */;
			projectDirPath = "";
			projectRoot = "";
			targets = (
				5A9A9CC92FE8E0450070E8B5 /* WeatherHub */,
				5A9A9CDE2FE8E0470070E8B5 /* WeatherHubTests */,
				5A9A9CE82FE8E0470070E8B5 /* WeatherHubUITests */,
			);
		};
/* End PBXProject section */

/* Begin PBXResourcesBuildPhase section */
		5A9A9CC82FE8E0450070E8B5 /* Resources */ = {
			isa = PBXResourcesBuildPhase;
			buildActionMask = 2147483647;
			files = (
				5A9A9CD52FE8E0470070E8B5 /* Preview Assets.xcassets in Resources */,
				5A9A9CD22FE8E0470070E8B5 /* Assets.xcassets in Resources */,
			);
			runOnlyForDeploymentPostprocessing = 0;
		};
		5A9A9CDD2FE8E0470070E8B5 /* Resources */ = {
			isa = PBXResourcesBuildPhase;
			buildActionMask = 2147483647;
			files = (
			);
			runOnlyForDeploymentPostprocessing = 0;
		};
		5A9A9CE72FE8E0470070E8B5 /* Resources */ = {
			isa = PBXResourcesBuildPhase;
			buildActionMask = 2147483647;
			files = (
			);
			runOnlyForDeploymentPostprocessing = 0;
		};
/* End PBXResourcesBuildPhase section */

/* Begin PBXSourcesBuildPhase section */
		5A9A9CC62FE8E0450070E8B5 /* Sources */ = {
			isa = PBXSourcesBuildPhase;
			buildActionMask = 2147483647;
			files = (
				5A9A9CDA2FE8E0470070E8B5 /* WeatherHub.xcdatamodeld in Sources */,
				5A9A9CFD2FE8E3730070E8B5 /* Home.swift in Sources */,
				5A9A9CCE2FE8E0450070E8B5 /* WeatherHubApp.swift in Sources */,
				ABBB821B0F647862CB1F019D /* WeatherResponse.swift in Sources */,
				71B09304BCCBEEF07B449A11 /* City.swift in Sources */,
				B164E941F4ECA16040B14C3D /* NetworkService.swift in Sources */,
				5F4FDF317CDEEEC48DFBA2C0 /* CoreDataService.swift in Sources */,
				F1A2B3C4D5E6F7081234ABCD /* LocationManager.swift in Sources */,
				0E21DBA46F8492444A8ED8A5 /* Constants.swift in Sources */,
				32B4B4F2EE2E10AF7CBAA86F /* TimeOfDayHelper.swift in Sources */,
				AA1B2C3D4E5F60718234BCDE /* TimeOfDayManager.swift in Sources */,
				8226BF54B563929DB200C93E /* CityList.swift in Sources */,
				60CB9451CCCAF9CD2CB86541 /* WeatherViewModel.swift in Sources */,
				C31BE6BE4441C4DBA0B6BDC4 /* SearchViewModel.swift in Sources */,
				ED459902DBFF49729DFDBE63 /* HourlyForecastViewModel.swift in Sources */,
				29DBF08BCE377AE1A1966407 /* WeatherDetailView.swift in Sources */,
				3DDE856A06BA3E4D41386790 /* HourlyForecastView.swift in Sources */,
				6899F822FFB0B81973A146C1 /* SavedLocationsView.swift in Sources */,
				154FE4705892F9DCF91A0855 /* GlassmorphicBackground.swift in Sources */,
				D77A49F7F4D64E04768D8213 /* AsyncWeatherIcon.swift in Sources */,
				B9AA9A9F9B11791693C01C16 /* WeatherInfoCard.swift in Sources */,
				35FF3BFDA5DC7FDE824F8AEA /* ForecastRowView.swift in Sources */,
				6A70FB6FD0D4829FD60A7F25 /* HourlyCell.swift in Sources */,
				73CB025431F8A8CC63C793F8 /* Persistence.swift in Sources */,
				FCB732934DD0FF163B125A64 /* WeatherRepository.swift in Sources */,
				636E5FD555E2CD8B3B98151E /* FavouriteLocationRepository.swift in Sources */,
				AA2B3C4D5E6F70819876FEDC /* SearchLocationResponse.swift in Sources */,
			);
			runOnlyForDeploymentPostprocessing = 0;
		};
		5A9A9CDB2FE8E0470070E8B5 /* Sources */ = {
			isa = PBXSourcesBuildPhase;
			buildActionMask = 2147483647;
			files = (
				5A9A9CE42FE8E0470070E8B5 /* WeatherHubTests.swift in Sources */,
			);
			runOnlyForDeploymentPostprocessing = 0;
		};
		5A9A9CE52FE8E0470070E8B5 /* Sources */ = {
			isa = PBXSourcesBuildPhase;
			buildActionMask = 2147483647;
			files = (
				5A9A9CEE2FE8E0470070E8B5 /* WeatherHubUITests.swift in Sources */,
				5A9A9CF02FE8E0470070E8B5 /* WeatherHubUITestsLaunchTests.swift in Sources */,
			);
			runOnlyForDeploymentPostprocessing = 0;
		};
/* End PBXSourcesBuildPhase section */

/* Begin PBXTargetDependency section */
		5A9A9CE12FE8E0470070E8B5 /* PBXTargetDependency */ = {
			isa = PBXTargetDependency;
			target = 5A9A9CC92FE8E0450070E8B5 /* WeatherHub */;
			targetProxy = 5A9A9CE02FE8E0470070E8B5 /* PBXContainerItemProxy */;
		};
		5A9A9CEB2FE8E0470070E8B5 /* PBXTargetDependency */ = {
			isa = PBXTargetDependency;
			target = 5A9A9CC92FE8E0450070E8B5 /* WeatherHub */;
			targetProxy = 5A9A9CEA2FE8E0470070E8B5 /* PBXContainerItemProxy */;
		};
/* End PBXTargetDependency section */

/* Begin XCBuildConfiguration section */
		5A9A9CF12FE8E0470070E8B5 /* Debug */ = {
			isa = XCBuildConfiguration;
			buildSettings = {
				ALWAYS_SEARCH_USER_PATHS = NO;
				CLANG_ANALYZER_NONNULL = YES;
				CLANG_ANALYZER_NUMBER_OBJECT_CONVERSION = YES_AGGRESSIVE;
				CLANG_CXX_LANGUAGE_STANDARD = "gnu++20";
				CLANG_ENABLE_MODULES = YES;
				CLANG_ENABLE_OBJC_ARC = YES;
				CLANG_ENABLE_OBJC_WEAK = YES;
				CLANG_WARN_BLOCK_CAPTURE_AUTORELEASING = YES;
				CLANG_WARN_BOOL_CONVERSION = YES;
				CLANG_WARN_COMMA = YES;
				CLANG_WARN_CONSTANT_CONVERSION = YES;
				CLANG_WARN_DEPRECATED_OBJC_IMPLEMENTATIONS = YES;
				CLANG_WARN_DIRECT_OBJC_ISA_USAGE = YES_ERROR;
				CLANG_WARN_DOCUMENTATION_COMMENTS = YES;
				CLANG_WARN_EMPTY_BODY = YES;
				CLANG_WARN_ENUM_CONVERSION = YES;
				CLANG_WARN_INFINITE_RECURSION = YES;
				CLANG_WARN_INT_CONVERSION = YES;
				CLANG_WARN_NON_LITERAL_NULL_CONVERSION = YES;
				CLANG_WARN_OBJC_IMPLICIT_RETAIN_SELF = YES;
				CLANG_WARN_OBJC_LITERAL_CONVERSION = YES;
				CLANG_WARN_OBJC_ROOT_CLASS = YES_ERROR;
				CLANG_WARN_QUOTED_INCLUDE_IN_FRAMEWORK_HEADER = YES;
				CLANG_WARN_RANGE_LOOP_ANALYSIS = YES;
				CLANG_WARN_STRICT_PROTOTYPES = YES;
				CLANG_WARN_SUSPICIOUS_MOVE = YES;
				CLANG_WARN_UNGUARDED_AVAILABILITY = YES_AGGRESSIVE;
				CLANG_WARN_UNREACHABLE_CODE = YES;
				CLANG_WARN__DUPLICATE_METHOD_MATCH = YES;
				COPY_PHASE_STRIP = NO;
				DEBUG_INFORMATION_FORMAT = dwarf;
				ENABLE_STRICT_OBJC_MSGSEND = YES;
				ENABLE_TESTABILITY = YES;
				GCC_C_LANGUAGE_STANDARD = gnu11;
				GCC_DYNAMIC_NO_PIC = NO;
				GCC_NO_COMMON_BLOCKS = YES;
				GCC_OPTIMIZATION_LEVEL = 0;
				GCC_PREPROCESSOR_DEFINITIONS = (
					"DEBUG=1",
					"$(inherited)",
				);
				GCC_WARN_64_TO_32_BIT_CONVERSION = YES;
				GCC_WARN_ABOUT_RETURN_TYPE = YES_ERROR;
				GCC_WARN_UNDECLARED_SELECTOR = YES;
				GCC_WARN_UNINITIALIZED_AUTOS = YES_AGGRESSIVE;
				GCC_WARN_UNUSED_FUNCTION = YES;
				GCC_WARN_UNUSED_VARIABLE = YES;
				IPHONEOS_DEPLOYMENT_TARGET = 16.2;
				MTL_ENABLE_DEBUG_INFO = INCLUDE_SOURCE;
				MTL_FAST_MATH = YES;
				ONLY_ACTIVE_ARCH = YES;
				SDKROOT = iphoneos;
				SWIFT_ACTIVE_COMPILATION_CONDITIONS = DEBUG;
				SWIFT_OPTIMIZATION_LEVEL = "-Onone";
			};
			name = Debug;
		};
		5A9A9CF22FE8E0470070E8B5 /* Release */ = {
			isa = XCBuildConfiguration;
			buildSettings = {
				ALWAYS_SEARCH_USER_PATHS = NO;
				CLANG_ANALYZER_NONNULL = YES;
				CLANG_ANALYZER_NUMBER_OBJECT_CONVERSION = YES_AGGRESSIVE;
				CLANG_CXX_LANGUAGE_STANDARD = "gnu++20";
				CLANG_ENABLE_MODULES = YES;
				CLANG_ENABLE_OBJC_ARC = YES;
				CLANG_ENABLE_OBJC_WEAK = YES;
				CLANG_WARN_BLOCK_CAPTURE_AUTORELEASING = YES;
				CLANG_WARN_BOOL_CONVERSION = YES;
				CLANG_WARN_COMMA = YES;
				CLANG_WARN_CONSTANT_CONVERSION = YES;
				CLANG_WARN_DEPRECATED_OBJC_IMPLEMENTATIONS = YES;
				CLANG_WARN_DIRECT_OBJC_ISA_USAGE = YES_ERROR;
				CLANG_WARN_DOCUMENTATION_COMMENTS = YES;
				CLANG_WARN_EMPTY_BODY = YES;
				CLANG_WARN_ENUM_CONVERSION = YES;
				CLANG_WARN_INFINITE_RECURSION = YES;
				CLANG_WARN_INT_CONVERSION = YES;
				CLANG_WARN_NON_LITERAL_NULL_CONVERSION = YES;
				CLANG_WARN_OBJC_IMPLICIT_RETAIN_SELF = YES;
				CLANG_WARN_OBJC_LITERAL_CONVERSION = YES;
				CLANG_WARN_OBJC_ROOT_CLASS = YES_ERROR;
				CLANG_WARN_QUOTED_INCLUDE_IN_FRAMEWORK_HEADER = YES;
				CLANG_WARN_RANGE_LOOP_ANALYSIS = YES;
				CLANG_WARN_STRICT_PROTOTYPES = YES;
				CLANG_WARN_SUSPICIOUS_MOVE = YES;
				CLANG_WARN_UNGUARDED_AVAILABILITY = YES_AGGRESSIVE;
				CLANG_WARN_UNREACHABLE_CODE = YES;
				CLANG_WARN__DUPLICATE_METHOD_MATCH = YES;
				COPY_PHASE_STRIP = NO;
				DEBUG_INFORMATION_FORMAT = "dwarf-with-dsym";
				ENABLE_NS_ASSERTIONS = NO;
				ENABLE_STRICT_OBJC_MSGSEND = YES;
				GCC_C_LANGUAGE_STANDARD = gnu11;
				GCC_NO_COMMON_BLOCKS = YES;
				GCC_WARN_64_TO_32_BIT_CONVERSION = YES;
				GCC_WARN_ABOUT_RETURN_TYPE = YES_ERROR;
				GCC_WARN_UNDECLARED_SELECTOR = YES;
				GCC_WARN_UNINITIALIZED_AUTOS = YES_AGGRESSIVE;
				GCC_WARN_UNUSED_FUNCTION = YES;
				GCC_WARN_UNUSED_VARIABLE = YES;
				IPHONEOS_DEPLOYMENT_TARGET = 16.2;
				MTL_ENABLE_DEBUG_INFO = NO;
				MTL_FAST_MATH = YES;
				SDKROOT = iphoneos;
				SWIFT_COMPILATION_MODE = wholemodule;
				SWIFT_OPTIMIZATION_LEVEL = "-O";
				VALIDATE_PRODUCT = YES;
			};
			name = Release;
		};
		5A9A9CF42FE8E0470070E8B5 /* Debug */ = {
			isa = XCBuildConfiguration;
			buildSettings = {
				ASSETCATALOG_COMPILER_APPICON_NAME = AppIcon;
				ASSETCATALOG_COMPILER_GLOBAL_ACCENT_COLOR_NAME = AccentColor;
				CODE_SIGN_STYLE = Automatic;
				CURRENT_PROJECT_VERSION = 1;
				DEVELOPMENT_ASSET_PATHS = "\"WeatherHub/Preview Content\"";
				ENABLE_PREVIEWS = YES;
				GENERATE_INFOPLIST_FILE = YES;
				INFOPLIST_KEY_NSLocationWhenInUseUsageDescription = "WeatherHub uses your location to show weather for your current area.";
				INFOPLIST_KEY_UIApplicationSceneManifest_Generation = YES;
				INFOPLIST_KEY_UIApplicationSupportsIndirectInputEvents = YES;
				INFOPLIST_KEY_UILaunchScreen_Generation = YES;
				INFOPLIST_KEY_UISupportedInterfaceOrientations_iPad = "UIInterfaceOrientationPortrait UIInterfaceOrientationPortraitUpsideDown UIInterfaceOrientationLandscapeLeft UIInterfaceOrientationLandscapeRight";
				INFOPLIST_KEY_UISupportedInterfaceOrientations_iPhone = "UIInterfaceOrientationPortrait UIInterfaceOrientationLandscapeLeft UIInterfaceOrientationLandscapeRight";
				LD_RUNPATH_SEARCH_PATHS = (
					"$(inherited)",
					"@executable_path/Frameworks",
				);
				MARKETING_VERSION = 1.0;
				PRODUCT_BUNDLE_IDENTIFIER = iti.WeatherHub;
				PRODUCT_NAME = "$(TARGET_NAME)";
				SWIFT_EMIT_LOC_STRINGS = YES;
				SWIFT_VERSION = 5.0;
				TARGETED_DEVICE_FAMILY = "1,2";
			};
			name = Debug;
		};
		5A9A9CF52FE8E0470070E8B5 /* Release */ = {
			isa = XCBuildConfiguration;
			buildSettings = {
				ASSETCATALOG_COMPILER_APPICON_NAME = AppIcon;
				ASSETCATALOG_COMPILER_GLOBAL_ACCENT_COLOR_NAME = AccentColor;
				CODE_SIGN_STYLE = Automatic;
				CURRENT_PROJECT_VERSION = 1;
				DEVELOPMENT_ASSET_PATHS = "\"WeatherHub/Preview Content\"";
				ENABLE_PREVIEWS = YES;
				GENERATE_INFOPLIST_FILE = YES;
				INFOPLIST_KEY_NSLocationWhenInUseUsageDescription = "WeatherHub uses your location to show weather for your current area.";
				INFOPLIST_KEY_UIApplicationSceneManifest_Generation = YES;
				INFOPLIST_KEY_UIApplicationSupportsIndirectInputEvents = YES;
				INFOPLIST_KEY_UILaunchScreen_Generation = YES;
				INFOPLIST_KEY_UISupportedInterfaceOrientations_iPad = "UIInterfaceOrientationPortrait UIInterfaceOrientationPortraitUpsideDown UIInterfaceOrientationLandscapeLeft UIInterfaceOrientationLandscapeRight";
				INFOPLIST_KEY_UISupportedInterfaceOrientations_iPhone = "UIInterfaceOrientationPortrait UIInterfaceOrientationLandscapeLeft UIInterfaceOrientationLandscapeRight";
				LD_RUNPATH_SEARCH_PATHS = (
					"$(inherited)",
					"@executable_path/Frameworks",
				);
				MARKETING_VERSION = 1.0;
				PRODUCT_BUNDLE_IDENTIFIER = iti.WeatherHub;
				PRODUCT_NAME = "$(TARGET_NAME)";
				SWIFT_EMIT_LOC_STRINGS = YES;
				SWIFT_VERSION = 5.0;
				TARGETED_DEVICE_FAMILY = "1,2";
			};
			name = Release;
		};
		5A9A9CF72FE8E0470070E8B5 /* Debug */ = {
			isa = XCBuildConfiguration;
			buildSettings = {
				ALWAYS_EMBED_SWIFT_STANDARD_LIBRARIES = YES;
				BUNDLE_LOADER = "$(TEST_HOST)";
				CODE_SIGN_STYLE = Automatic;
				CURRENT_PROJECT_VERSION = 1;
				GENERATE_INFOPLIST_FILE = YES;
				IPHONEOS_DEPLOYMENT_TARGET = 16.2;
				MARKETING_VERSION = 1.0;
				PRODUCT_BUNDLE_IDENTIFIER = iti.WeatherHubTests;
				PRODUCT_NAME = "$(TARGET_NAME)";
				SWIFT_EMIT_LOC_STRINGS = NO;
				SWIFT_VERSION = 5.0;
				TARGETED_DEVICE_FAMILY = "1,2";
				TEST_HOST = "$(BUILT_PRODUCTS_DIR)/WeatherHub.app/$(BUNDLE_EXECUTABLE_FOLDER_PATH)/WeatherHub";
			};
			name = Debug;
		};
		5A9A9CF82FE8E0470070E8B5 /* Release */ = {
			isa = XCBuildConfiguration;
			buildSettings = {
				ALWAYS_EMBED_SWIFT_STANDARD_LIBRARIES = YES;
				BUNDLE_LOADER = "$(TEST_HOST)";
				CODE_SIGN_STYLE = Automatic;
				CURRENT_PROJECT_VERSION = 1;
				GENERATE_INFOPLIST_FILE = YES;
				IPHONEOS_DEPLOYMENT_TARGET = 16.2;
				MARKETING_VERSION = 1.0;
				PRODUCT_BUNDLE_IDENTIFIER = iti.WeatherHubTests;
				PRODUCT_NAME = "$(TARGET_NAME)";
				SWIFT_EMIT_LOC_STRINGS = NO;
				SWIFT_VERSION = 5.0;
				TARGETED_DEVICE_FAMILY = "1,2";
				TEST_HOST = "$(BUILT_PRODUCTS_DIR)/WeatherHub.app/$(BUNDLE_EXECUTABLE_FOLDER_PATH)/WeatherHub";
			};
			name = Release;
		};
		5A9A9CFA2FE8E0470070E8B5 /* Debug */ = {
			isa = XCBuildConfiguration;
			buildSettings = {
				ALWAYS_EMBED_SWIFT_STANDARD_LIBRARIES = YES;
				CODE_SIGN_STYLE = Automatic;
				CURRENT_PROJECT_VERSION = 1;
				GENERATE_INFOPLIST_FILE = YES;
				MARKETING_VERSION = 1.0;
				PRODUCT_BUNDLE_IDENTIFIER = iti.WeatherHubUITests;
				PRODUCT_NAME = "$(TARGET_NAME)";
				SWIFT_EMIT_LOC_STRINGS = NO;
				SWIFT_VERSION = 5.0;
				TARGETED_DEVICE_FAMILY = "1,2";
				TEST_TARGET_NAME = WeatherHub;
			};
			name = Debug;
		};
		5A9A9CFB2FE8E0470070E8B5 /* Release */ = {
			isa = XCBuildConfiguration;
			buildSettings = {
				ALWAYS_EMBED_SWIFT_STANDARD_LIBRARIES = YES;
				CODE_SIGN_STYLE = Automatic;
				CURRENT_PROJECT_VERSION = 1;
				GENERATE_INFOPLIST_FILE = YES;
				MARKETING_VERSION = 1.0;
				PRODUCT_BUNDLE_IDENTIFIER = iti.WeatherHubUITests;
				PRODUCT_NAME = "$(TARGET_NAME)";
				SWIFT_EMIT_LOC_STRINGS = NO;
				SWIFT_VERSION = 5.0;
				TARGETED_DEVICE_FAMILY = "1,2";
				TEST_TARGET_NAME = WeatherHub;
			};
			name = Release;
		};
/* End XCBuildConfiguration section */

/* Begin XCConfigurationList section */
		5A9A9CC52FE8E0450070E8B5 /* Build configuration list for PBXProject "WeatherHub" */ = {
			isa = XCConfigurationList;
			buildConfigurations = (
				5A9A9CF12FE8E0470070E8B5 /* Debug */,
				5A9A9CF22FE8E0470070E8B5 /* Release */,
			);
			defaultConfigurationIsVisible = 0;
			defaultConfigurationName = Release;
		};
		5A9A9CF32FE8E0470070E8B5 /* Build configuration list for PBXNativeTarget "WeatherHub" */ = {
			isa = XCConfigurationList;
			buildConfigurations = (
				5A9A9CF42FE8E0470070E8B5 /* Debug */,
				5A9A9CF52FE8E0470070E8B5 /* Release */,
			);
			defaultConfigurationIsVisible = 0;
			defaultConfigurationName = Release;
		};
		5A9A9CF62FE8E0470070E8B5 /* Build configuration list for PBXNativeTarget "WeatherHubTests" */ = {
			isa = XCConfigurationList;
			buildConfigurations = (
				5A9A9CF72FE8E0470070E8B5 /* Debug */,
				5A9A9CF82FE8E0470070E8B5 /* Release */,
			);
			defaultConfigurationIsVisible = 0;
			defaultConfigurationName = Release;
		};
		5A9A9CF92FE8E0470070E8B5 /* Build configuration list for PBXNativeTarget "WeatherHubUITests" */ = {
			isa = XCConfigurationList;
			buildConfigurations = (
				5A9A9CFA2FE8E0470070E8B5 /* Debug */,
				5A9A9CFB2FE8E0470070E8B5 /* Release */,
			);
			defaultConfigurationIsVisible = 0;
			defaultConfigurationName = Release;
		};
/* End XCConfigurationList section */

/* Begin XCVersionGroup section */
		5A9A9CD82FE8E0470070E8B5 /* WeatherHub.xcdatamodeld */ = {
			isa = XCVersionGroup;
			children = (
				5A9A9CD92FE8E0470070E8B5 /* WeatherHub.xcdatamodel */,
			);
			currentVersion = 5A9A9CD92FE8E0470070E8B5 /* WeatherHub.xcdatamodel */;
			path = WeatherHub.xcdatamodeld;
			sourceTree = "<group>";
			versionGroupType = wrapper.xcdatamodel;
		};
/* End XCVersionGroup section */
	};
	rootObject = 5A9A9CC22FE8E0450070E8B5 /* Project object */;
}
