// !$*UTF8*$!
{
	archiveVersion = 1;
	classes = {
	};
	objectVersion = 56;
	objects = {

/* Begin PBXBuildFile section */
		5A9A9CCE2FE8E0450070E8B5 /* WeatherHubApp.swift in Sources */ = {isa = PBXBuildFile; fileRef = 5A9A9CCD2FE8E0450070E8B5 /* WeatherHubApp.swift */; };
		5A9A9CD22FE8E0470070E8B5 /* Assets.xcassets in Resources */ = {isa = PBXBuildFile; fileRef = 5A9A9CD12FE8E0470070E8B5 /* Assets.xcassets */; };
		5A9A9CD52FE8E0470070E8B5 /* Preview Assets.xcassets in Resources */ = {isa = PBXBuildFile; fileRef = 5A9A9CD42FE8E0470070E8B5 /* Preview Assets.xcassets */; };
		5A9A9CDA2FE8E0470070E8B5 /* WeatherHub.xcdatamodeld in Sources */ = {isa = PBXBuildFile; fileRef = 5A9A9CD82FE8E0470070E8B5 /* WeatherHub.xcdatamodeld */; };
		5A9A9CE42FE8E0470070E8B5 /* WeatherHubTests.swift in Sources */ = {isa = PBXBuildFile; fileRef = 5A9A9CE32FE8E0470070E8B5 /* WeatherHubTests.swift */; };
		5A9A9CEE2FE8E0470070E8B5 /* WeatherHubUITests.swift in Sources */ = {isa = PBXBuildFile; fileRef = 5A9A9CED2FE8E0470070E8B5 /* WeatherHubUITests.swift */; };
		5A9A9CF02FE8E0470070E8B5 /* WeatherHubUITestsLaunchTests.swift in Sources */ = {isa = PBXBuildFile; fileRef = 5A9A9CEF2FE8E0470070E8B5 /* WeatherHubUITestsLaunchTests.swift */; };
		5A9A9CFD2FE8E3730070E8B5 /* Home.swift in Sources */ = {isa = PBXBuildFile; fileRef = 5A9A9CFC2FE8E3730070E8B5 /* Home.swift */; };
/* End PBXBuildFile section */

/* Begin PBXContainerItemProxy section */
		5A9A9CE02FE8E0470070E8B5 /* PBXContainerItemProxy */ = {
			isa = PBXContainerItemProxy;
			containerPortal = 5A9A9CC22FE8E0450070E8B5 /* Project object */;
			proxyType = 1;
			remoteGlobalIDString = 5A9A9CC92FE8E0450070E8B5;
			remoteInfo = WeatherHub;
		};
		5A9A9CEA2FE8E0470070E8B5 /* PBXContainerItemProxy */ = {
			isa = PBXContainerItemProxy;
			containerPortal = 5A9A9CC22FE8E0450070E8B5 /* Project object */;
			proxyType = 1;
			remoteGlobalIDString = 5A9A9CC92FE8E0450070E8B5;
			remoteInfo = WeatherHub;
		};
/* End PBXContainerItemProxy section */

/* Begin PBXFileReference section */
		5A9A9CCA2FE8E0450070E8B5 /* WeatherHub.app */ = {isa = PBXFileReference; explicitFileType = wrapper.application; includeInIndex = 0; path = WeatherHub.app; sourceTree = BUILT_PRODUCTS_DIR; };
		5A9A9CCD2FE8E0450070E8B5 /* WeatherHubApp.swift */ = {isa = PBXFileReference; lastKnownFileType = sourcecode.swift; path = WeatherHubApp.swift; sourceTree = "<group>"; };
		5A9A9CD12FE8E0470070E8B5 /* Assets.xcassets */ = {isa = PBXFileReference; lastKnownFileType = folder.assetcatalog; path = Assets.xcassets; sourceTree = "<group>"; };
		5A9A9CD42FE8E0470070E8B5 /* Preview Assets.xcassets */ = {isa = PBXFileReference; lastKnownFileType = folder.assetcatalog; path = "Preview Assets.xcassets"; sourceTree = "<group>"; };
		5A9A9CD92FE8E0470070E8B5 /* WeatherHub.xcdatamodel */ = {isa = PBXFileReference; lastKnownFileType = wrapper.xcdatamodel; path = WeatherHub.xcdatamodel; sourceTree = "<group>"; };
		5A9A9CDF2FE8E0470070E8B5 /* WeatherHubTests.xctest */ = {isa = PBXFileReference; explicitFileType = wrapper.cfbundle; includeInIndex = 0; path = WeatherHubTests.xctest; sourceTree = BUILT_PRODUCTS_DIR; };
		5A9A9CE32FE8E0470070E8B5 /* WeatherHubTests.swift */ = {isa = PBXFileReference; lastKnownFileType = sourcecode.swift; path = WeatherHubTests.swift; sourceTree = "<group>"; };
		5A9A9CE92FE8E0470070E8B5 /* WeatherHubUITests.xctest */ = {isa = PBXFileReference; explicitFileType = wrapper.cfbundle; includeInIndex = 0; path = WeatherHubUITests.xctest; sourceTree = BUILT_PRODUCTS_DIR; };
		5A9A9CED2FE8E0470070E8B5 /* WeatherHubUITests.swift */ = {isa = PBXFileReference; lastKnownFileType = sourcecode.swift; path = WeatherHubUITests.swift; sourceTree = "<group>"; };
		5A9A9CEF2FE8E0470070E8B5 /* WeatherHubUITestsLaunchTests.swift */ = {isa = PBXFileReference; lastKnownFileType = sourcecode.swift; path = WeatherHubUITestsLaunchTests.swift; sourceTree = "<group>"; };
		5A9A9CFC2FE8E3730070E8B5 /* Home.swift */ = {isa = PBXFileReference; lastKnownFileType = sourcecode.swift; path = Home.swift; sourceTree = "<group>"; };
/* End PBXFileReference section */

/* Begin PBXFrameworksBuildPhase section */
		5A9A9CC72FE8E0450070E8B5 /* Frameworks */ = {
			isa = PBXFrameworksBuildPhase;
			buildActionMask = 2147483647;
			files = (
			);
			runOnlyForDeploymentPostprocessing = 0;
		};
		5A9A9CDC2FE8E0470070E8B5 /* Frameworks */ = {
			isa = PBXFrameworksBuildPhase;
			buildActionMask = 2147483647;
			files = (
			);
			runOnlyForDeploymentPostprocessing = 0;
		};
		5A9A9CE62FE8E0470070E8B5 /* Frameworks */ = {
			isa = PBXFrameworksBuildPhase;
			buildActionMask = 2147483647;
			files = (
			);
			runOnlyForDeploymentPostprocessing = 0;
		};
/* End PBXFrameworksBuildPhase section */

/* Begin PBXGroup section */
		5A9A9CC12FE8E0450070E8B5 = {
			isa = PBXGroup;
			children = (
				5A9A9CCC2FE8E0450070E8B5 /* WeatherHub */,
				5A9A9CE22FE8E0470070E8B5 /* WeatherHubTests */,
				5A9A9CEC2FE8E0470070E8B5 /* WeatherHubUITests */,
				5A9A9CCB2FE8E0450070E8B5 /* Products */,
			);
			sourceTree = "<group>";
		};
		5A9A9CCB2FE8E0450070E8B5 /* Products */ = {
			isa = PBXGroup;
			children = (
				5A9A9CCA2FE8E0450070E8B5 /* WeatherHub.app */,
				5A9A9CDF2FE8E0470070E8B5 /* WeatherHubTests.xctest */,
				5A9A9CE92FE8E0470070E8B5 /* WeatherHubUITests.xctest */,
			);
			name = Products;
			sourceTree = "<group>";
		};
		5A9A9CCC2FE8E0450070E8B5 /* WeatherHub */ = {
			isa = PBXGroup;
			children = (
				5A9A9CCD2FE8E0450070E8B5 /* WeatherHubApp.swift */,
				5A9A9CD12FE8E0470070E8B5 /* Assets.xcassets */,
				5A9A9CD82FE8E0470070E8B5 /* WeatherHub.xcdatamodeld */,
				5A9A9CD32FE8E0470070E8B5 /* Preview Content */,
				5A9A9CFC2FE8E3730070E8B5 /* Home.swift */,
			);
			path = WeatherHub;
			sourceTree = "<group>";
		};
		5A9A9CD32FE8E0470070E8B5 /* Preview Content */ = {
			isa = PBXGroup;
			children = (
				5A9A9CD42FE8E0470070E8B5 /* Preview Assets.xcassets */,
			);
			path = "Preview Content";
			sourceTree = "<group>";
		};
		5A9A9CE22FE8E0470070E8B5 /* WeatherHubTests */ = {
			isa = PBXGroup;
			children = (
				5A9A9CE32FE8E0470070E8B5 /* WeatherHubTests.swift */,
			);
			path = WeatherHubTests;
			sourceTree = "<group>";
		};
		5A9A9CEC2FE8E0470070E8B5 /* WeatherHubUITests */ = {
			isa = PBXGroup;
			children = (
				5A9A9CED2FE8E0470070E8B5 /* WeatherHubUITests.swift */,
				5A9A9CEF2FE8E0470070E8B5 /* WeatherHubUITestsLaunchTests.swift */,
			);
			path = WeatherHubUITests;
			sourceTree = "<group>";
		};
/* End PBXGroup section */

/* Begin PBXNativeTarget section */
		5A9A9CC92FE8E0450070E8B5 /* WeatherHub */ = {
			isa = PBXNativeTarget;
			buildConfigurationList = 5A9A9CF32FE8E0470070E8B5 /* Build configuration list for PBXNativeTarget "WeatherHub" */;
			buildPhases = (
				5A9A9CC62FE8E0450070E8B5 /* Sources */,
				5A9A9CC72FE8E0450070E8B5 /* Frameworks */,
				5A9A9CC82FE8E0450070E8B5 /* Resources */,
			);
			buildRules = (
			);
			dependencies = (
			);
			name = WeatherHub;
			productName = WeatherHub;
			productReference = 5A9A9CCA2FE8E0450070E8B5 /* WeatherHub.app */;
			productType = "com.apple.product-type.application";
		};
		5A9A9CDE2FE8E0470070E8B5 /* WeatherHubTests */ = {
			isa = PBXNativeTarget;
			buildConfigurationList = 5A9A9CF62FE8E0470070E8B5 /* Build configuration list for PBXNativeTarget "WeatherHubTests" */;
			buildPhases = (
				5A9A9CDB2FE8E0470070E8B5 /* Sources */,
				5A9A9CDC2FE8E0470070E8B5 /* Frameworks */,
				5A9A9CDD2FE8E0470070E8B5 /* Resources */,
			);
			buildRules = (
			);
			dependencies = (
				5A9A9CE12FE8E0470070E8B5 /* PBXTargetDependency */,
			);
			name = WeatherHubTests;
			productName = WeatherHubTests;
			productReference = 5A9A9CDF2FE8E0470070E8B5 /* WeatherHubTests.xctest */;
			productType = "com.apple.product-type.bundle.unit-test";
		};
		5A9A9CE82FE8E0470070E8B5 /* WeatherHubUITests */ = {
			isa = PBXNativeTarget;
			buildConfigurationList = 5A9A9CF92FE8E0470070E8B5 /* Build configuration list for PBXNativeTarget "WeatherHubUITests" */;
			buildPhases = (
				5A9A9CE52FE8E0470070E8B5 /* Sources */,
				5A9A9CE62FE8E0470070E8B5 /* Frameworks */,
				5A9A9CE72FE8E0470070E8B5 /* Resources */,
			);
			buildRules = (
			);
			dependencies = (
				5A9A9CEB2FE8E0470070E8B5 /* PBXTargetDependency */,
			);
			name = WeatherHubUITests;
			productName = WeatherHubUITests;
			productReference = 5A9A9CE92FE8E0470070E8B5 /* WeatherHubUITests.xctest */;
			productType = "com.apple.product-type.bundle.ui-testing";
		};
/* End PBXNativeTarget section */

/* Begin PBXProject section */
		5A9A9CC22FE8E0450070E8B5 /* Project object */ = {
			isa = PBXProject;
			attributes = {
				BuildIndependentTargetsInParallel = 1;
				LastSwiftUpdateCheck = 1420;
				LastUpgradeCheck = 1420;
				TargetAttributes = {
					5A9A9CC92FE8E0450070E8B5 = {
						CreatedOnToolsVersion = 14.2;
					};
					5A9A9CDE2FE8E0470070E8B5 = {
						CreatedOnToolsVersion = 14.2;
						TestTargetID = 5A9A9CC92FE8E0450070E8B5;
					};
					5A9A9CE82FE8E0470070E8B5 = {
						CreatedOnToolsVersion = 14.2;
						TestTargetID = 5A9A9CC92FE8E0450070E8B5;
					};
				};
			};
			buildConfigurationList = 5A9A9CC52FE8E0450070E8B5 /* Build configuration list for PBXProject "WeatherHub" */;
			compatibilityVersion = "Xcode 14.0";
			developmentRegion = en;
			hasScannedForEncodings = 0;
			knownRegions = (
				en,
				Base,
			);
			mainGroup = 5A9A9CC12FE8E0450070E8B5;
			productRefGroup = 5A9A9CCB2FE8E0450070E8B5 /* Products */;
			projectDirPath = "";
			projectRoot = "";
			targets = (
				5A9A9CC92FE8E0450070E8B5 /* WeatherHub */,
				5A9A9CDE2FE8E0470070E8B5 /* WeatherHubTests */,
				5A9A9CE82FE8E0470070E8B5 /* WeatherHubUITests */,
			);
		};
/* End PBXProject section */

/* Begin PBXResourcesBuildPhase section */
		5A9A9CC82FE8E0450070E8B5 /* Resources */ = {
			isa = PBXResourcesBuildPhase;
			buildActionMask = 2147483647;
			files = (
				5A9A9CD52FE8E0470070E8B5 /* Preview Assets.xcassets in Resources */,
				5A9A9CD22FE8E0470070E8B5 /* Assets.xcassets in Resources */,
			);
			runOnlyForDeploymentPostprocessing = 0;
		};
		5A9A9CDD2FE8E0470070E8B5 /* Resources */ = {
			isa = PBXResourcesBuildPhase;
			buildActionMask = 2147483647;
			files = (
			);
			runOnlyForDeploymentPostprocessing = 0;
		};
		5A9A9CE72FE8E0470070E8B5 /* Resources */ = {
			isa = PBXResourcesBuildPhase;
			buildActionMask = 2147483647;
			files = (
			);
			runOnlyForDeploymentPostprocessing = 0;
		};
/* End PBXResourcesBuildPhase section */

/* Begin PBXSourcesBuildPhase section */
		5A9A9CC62FE8E0450070E8B5 /* Sources */ = {
			isa = PBXSourcesBuildPhase;
			buildActionMask = 2147483647;
			files = (
				5A9A9CDA2FE8E0470070E8B5 /* WeatherHub.xcdatamodeld in Sources */,
				5A9A9CFD2FE8E3730070E8B5 /* Home.swift in Sources */,
				5A9A9CCE2FE8E0450070E8B5 /* WeatherHubApp.swift in Sources */,
			);
			runOnlyForDeploymentPostprocessing = 0;
		};
		5A9A9CDB2FE8E0470070E8B5 /* Sources */ = {
			isa = PBXSourcesBuildPhase;
			buildActionMask = 2147483647;
			files = (
				5A9A9CE42FE8E0470070E8B5 /* WeatherHubTests.swift in Sources */,
			);
			runOnlyForDeploymentPostprocessing = 0;
		};
		5A9A9CE52FE8E0470070E8B5 /* Sources */ = {
			isa = PBXSourcesBuildPhase;
			buildActionMask = 2147483647;
			files = (
				5A9A9CEE2FE8E0470070E8B5 /* WeatherHubUITests.swift in Sources */,
				5A9A9CF02FE8E0470070E8B5 /* WeatherHubUITestsLaunchTests.swift in Sources */,
			);
			runOnlyForDeploymentPostprocessing = 0;
		};
/* End PBXSourcesBuildPhase section */

/* Begin PBXTargetDependency section */
		5A9A9CE12FE8E0470070E8B5 /* PBXTargetDependency */ = {
			isa = PBXTargetDependency;
			target = 5A9A9CC92FE8E0450070E8B5 /* WeatherHub */;
			targetProxy = 5A9A9CE02FE8E0470070E8B5 /* PBXContainerItemProxy */;
		};
		5A9A9CEB2FE8E0470070E8B5 /* PBXTargetDependency */ = {
			isa = PBXTargetDependency;
			target = 5A9A9CC92FE8E0450070E8B5 /* WeatherHub */;
			targetProxy = 5A9A9CEA2FE8E0470070E8B5 /* PBXContainerItemProxy */;
		};
/* End PBXTargetDependency section */

/* Begin XCBuildConfiguration section */
		5A9A9CF12FE8E0470070E8B5 /* Debug */ = {
			isa = XCBuildConfiguration;
			buildSettings = {
				ALWAYS_SEARCH_USER_PATHS = NO;
				CLANG_ANALYZER_NONNULL = YES;
				CLANG_ANALYZER_NUMBER_OBJECT_CONVERSION = YES_AGGRESSIVE;
				CLANG_CXX_LANGUAGE_STANDARD = "gnu++20";
				CLANG_ENABLE_MODULES = YES;
				CLANG_ENABLE_OBJC_ARC = YES;
				CLANG_ENABLE_OBJC_WEAK = YES;
				CLANG_WARN_BLOCK_CAPTURE_AUTORELEASING = YES;
				CLANG_WARN_BOOL_CONVERSION = YES;
				CLANG_WARN_COMMA = YES;
				CLANG_WARN_CONSTANT_CONVERSION = YES;
				CLANG_WARN_DEPRECATED_OBJC_IMPLEMENTATIONS = YES;
				CLANG_WARN_DIRECT_OBJC_ISA_USAGE = YES_ERROR;
				CLANG_WARN_DOCUMENTATION_COMMENTS = YES;
				CLANG_WARN_EMPTY_BODY = YES;
				CLANG_WARN_ENUM_CONVERSION = YES;
				CLANG_WARN_INFINITE_RECURSION = YES;
				CLANG_WARN_INT_CONVERSION = YES;
				CLANG_WARN_NON_LITERAL_NULL_CONVERSION = YES;
				CLANG_WARN_OBJC_IMPLICIT_RETAIN_SELF = YES;
				CLANG_WARN_OBJC_LITERAL_CONVERSION = YES;
				CLANG_WARN_OBJC_ROOT_CLASS = YES_ERROR;
				CLANG_WARN_QUOTED_INCLUDE_IN_FRAMEWORK_HEADER = YES;
				CLANG_WARN_RANGE_LOOP_ANALYSIS = YES;
				CLANG_WARN_STRICT_PROTOTYPES = YES;
				CLANG_WARN_SUSPICIOUS_MOVE = YES;
				CLANG_WARN_UNGUARDED_AVAILABILITY = YES_AGGRESSIVE;
				CLANG_WARN_UNREACHABLE_CODE = YES;
				CLANG_WARN__DUPLICATE_METHOD_MATCH = YES;
				COPY_PHASE_STRIP = NO;
				DEBUG_INFORMATION_FORMAT = dwarf;
				ENABLE_STRICT_OBJC_MSGSEND = YES;
				ENABLE_TESTABILITY = YES;
				GCC_C_LANGUAGE_STANDARD = gnu11;
				GCC_DYNAMIC_NO_PIC = NO;
				GCC_NO_COMMON_BLOCKS = YES;
				GCC_OPTIMIZATION_LEVEL = 0;
				GCC_PREPROCESSOR_DEFINITIONS = (
					"DEBUG=1",
					"$(inherited)",
				);
				GCC_WARN_64_TO_32_BIT_CONVERSION = YES;
				GCC_WARN_ABOUT_RETURN_TYPE = YES_ERROR;
				GCC_WARN_UNDECLARED_SELECTOR = YES;
				GCC_WARN_UNINITIALIZED_AUTOS = YES_AGGRESSIVE;
				GCC_WARN_UNUSED_FUNCTION = YES;
				GCC_WARN_UNUSED_VARIABLE = YES;
				IPHONEOS_DEPLOYMENT_TARGET = 16.2;
				MTL_ENABLE_DEBUG_INFO = INCLUDE_SOURCE;
				MTL_FAST_MATH = YES;
				ONLY_ACTIVE_ARCH = YES;
				SDKROOT = iphoneos;
				SWIFT_ACTIVE_COMPILATION_CONDITIONS = DEBUG;
				SWIFT_OPTIMIZATION_LEVEL = "-Onone";
			};
			name = Debug;
		};
		5A9A9CF22FE8E0470070E8B5 /* Release */ = {
			isa = XCBuildConfiguration;
			buildSettings = {
				ALWAYS_SEARCH_USER_PATHS = NO;
				CLANG_ANALYZER_NONNULL = YES;
				CLANG_ANALYZER_NUMBER_OBJECT_CONVERSION = YES_AGGRESSIVE;
				CLANG_CXX_LANGUAGE_STANDARD = "gnu++20";
				CLANG_ENABLE_MODULES = YES;
				CLANG_ENABLE_OBJC_ARC = YES;
				CLANG_ENABLE_OBJC_WEAK = YES;
				CLANG_WARN_BLOCK_CAPTURE_AUTORELEASING = YES;
				CLANG_WARN_BOOL_CONVERSION = YES;
				CLANG_WARN_COMMA = YES;
				CLANG_WARN_CONSTANT_CONVERSION = YES;
				CLANG_WARN_DEPRECATED_OBJC_IMPLEMENTATIONS = YES;
				CLANG_WARN_DIRECT_OBJC_ISA_USAGE = YES_ERROR;
				CLANG_WARN_DOCUMENTATION_COMMENTS = YES;
				CLANG_WARN_EMPTY_BODY = YES;
				CLANG_WARN_ENUM_CONVERSION = YES;
				CLANG_WARN_INFINITE_RECURSION = YES;
				CLANG_WARN_INT_CONVERSION = YES;
				CLANG_WARN_NON_LITERAL_NULL_CONVERSION = YES;
				CLANG_WARN_OBJC_IMPLICIT_RETAIN_SELF = YES;
				CLANG_WARN_OBJC_LITERAL_CONVERSION = YES;
				CLANG_WARN_OBJC_ROOT_CLASS = YES_ERROR;
				CLANG_WARN_QUOTED_INCLUDE_IN_FRAMEWORK_HEADER = YES;
				CLANG_WARN_RANGE_LOOP_ANALYSIS = YES;
				CLANG_WARN_STRICT_PROTOTYPES = YES;
				CLANG_WARN_SUSPICIOUS_MOVE = YES;
				CLANG_WARN_UNGUARDED_AVAILABILITY = YES_AGGRESSIVE;
				CLANG_WARN_UNREACHABLE_CODE = YES;
				CLANG_WARN__DUPLICATE_METHOD_MATCH = YES;
				COPY_PHASE_STRIP = NO;
				DEBUG_INFORMATION_FORMAT = "dwarf-with-dsym";
				ENABLE_NS_ASSERTIONS = NO;
				ENABLE_STRICT_OBJC_MSGSEND = YES;
				GCC_C_LANGUAGE_STANDARD = gnu11;
				GCC_NO_COMMON_BLOCKS = YES;
				GCC_WARN_64_TO_32_BIT_CONVERSION = YES;
				GCC_WARN_ABOUT_RETURN_TYPE = YES_ERROR;
				GCC_WARN_UNDECLARED_SELECTOR = YES;
				GCC_WARN_UNINITIALIZED_AUTOS = YES_AGGRESSIVE;
				GCC_WARN_UNUSED_FUNCTION = YES;
				GCC_WARN_UNUSED_VARIABLE = YES;
				IPHONEOS_DEPLOYMENT_TARGET = 16.2;
				MTL_ENABLE_DEBUG_INFO = NO;
				MTL_FAST_MATH = YES;
				SDKROOT = iphoneos;
				SWIFT_COMPILATION_MODE = wholemodule;
				SWIFT_OPTIMIZATION_LEVEL = "-O";
				VALIDATE_PRODUCT = YES;
			};
			name = Release;
		};
		5A9A9CF42FE8E0470070E8B5 /* Debug */ = {
			isa = XCBuildConfiguration;
			buildSettings = {
				ASSETCATALOG_COMPILER_APPICON_NAME = AppIcon;
				ASSETCATALOG_COMPILER_GLOBAL_ACCENT_COLOR_NAME = AccentColor;
				CODE_SIGN_STYLE = Automatic;
				CURRENT_PROJECT_VERSION = 1;
				DEVELOPMENT_ASSET_PATHS = "\"WeatherHub/Preview Content\"";
				ENABLE_PREVIEWS = YES;
				GENERATE_INFOPLIST_FILE = YES;
				INFOPLIST_KEY_UIApplicationSceneManifest_Generation = YES;
				INFOPLIST_KEY_UIApplicationSupportsIndirectInputEvents = YES;
				INFOPLIST_KEY_UILaunchScreen_Generation = YES;
				INFOPLIST_KEY_UISupportedInterfaceOrientations_iPad = "UIInterfaceOrientationPortrait UIInterfaceOrientationPortraitUpsideDown UIInterfaceOrientationLandscapeLeft UIInterfaceOrientationLandscapeRight";
				INFOPLIST_KEY_UISupportedInterfaceOrientations_iPhone = "UIInterfaceOrientationPortrait UIInterfaceOrientationLandscapeLeft UIInterfaceOrientationLandscapeRight";
				LD_RUNPATH_SEARCH_PATHS = (
					"$(inherited)",
					"@executable_path/Frameworks",
				);
				MARKETING_VERSION = 1.0;
				PRODUCT_BUNDLE_IDENTIFIER = iti.WeatherHub;
				PRODUCT_NAME = "$(TARGET_NAME)";
				SWIFT_EMIT_LOC_STRINGS = YES;
				SWIFT_VERSION = 5.0;
				TARGETED_DEVICE_FAMILY = "1,2";
			};
			name = Debug;
		};
		5A9A9CF52FE8E0470070E8B5 /* Release */ = {
			isa = XCBuildConfiguration;
			buildSettings = {
				ASSETCATALOG_COMPILER_APPICON_NAME = AppIcon;
				ASSETCATALOG_COMPILER_GLOBAL_ACCENT_COLOR_NAME = AccentColor;
				CODE_SIGN_STYLE = Automatic;
				CURRENT_PROJECT_VERSION = 1;
				DEVELOPMENT_ASSET_PATHS = "\"WeatherHub/Preview Content\"";
				ENABLE_PREVIEWS = YES;
				GENERATE_INFOPLIST_FILE = YES;
				INFOPLIST_KEY_UIApplicationSceneManifest_Generation = YES;
				INFOPLIST_KEY_UIApplicationSupportsIndirectInputEvents = YES;
				INFOPLIST_KEY_UILaunchScreen_Generation = YES;
				INFOPLIST_KEY_UISupportedInterfaceOrientations_iPad = "UIInterfaceOrientationPortrait UIInterfaceOrientationPortraitUpsideDown UIInterfaceOrientationLandscapeLeft UIInterfaceOrientationLandscapeRight";
				INFOPLIST_KEY_UISupportedInterfaceOrientations_iPhone = "UIInterfaceOrientationPortrait UIInterfaceOrientationLandscapeLeft UIInterfaceOrientationLandscapeRight";
				LD_RUNPATH_SEARCH_PATHS = (
					"$(inherited)",
					"@executable_path/Frameworks",
				);
				MARKETING_VERSION = 1.0;
				PRODUCT_BUNDLE_IDENTIFIER = iti.WeatherHub;
				PRODUCT_NAME = "$(TARGET_NAME)";
				SWIFT_EMIT_LOC_STRINGS = YES;
				SWIFT_VERSION = 5.0;
				TARGETED_DEVICE_FAMILY = "1,2";
			};
			name = Release;
		};
		5A9A9CF72FE8E0470070E8B5 /* Debug */ = {
			isa = XCBuildConfiguration;
			buildSettings = {
				ALWAYS_EMBED_SWIFT_STANDARD_LIBRARIES = YES;
				BUNDLE_LOADER = "$(TEST_HOST)";
				CODE_SIGN_STYLE = Automatic;
				CURRENT_PROJECT_VERSION = 1;
				GENERATE_INFOPLIST_FILE = YES;
				IPHONEOS_DEPLOYMENT_TARGET = 16.2;
				MARKETING_VERSION = 1.0;
				PRODUCT_BUNDLE_IDENTIFIER = iti.WeatherHubTests;
				PRODUCT_NAME = "$(TARGET_NAME)";
				SWIFT_EMIT_LOC_STRINGS = NO;
				SWIFT_VERSION = 5.0;
				TARGETED_DEVICE_FAMILY = "1,2";
				TEST_HOST = "$(BUILT_PRODUCTS_DIR)/WeatherHub.app/$(BUNDLE_EXECUTABLE_FOLDER_PATH)/WeatherHub";
			};
			name = Debug;
		};
		5A9A9CF82FE8E0470070E8B5 /* Release */ = {
			isa = XCBuildConfiguration;
			buildSettings = {
				ALWAYS_EMBED_SWIFT_STANDARD_LIBRARIES = YES;
				BUNDLE_LOADER = "$(TEST_HOST)";
				CODE_SIGN_STYLE = Automatic;
				CURRENT_PROJECT_VERSION = 1;
				GENERATE_INFOPLIST_FILE = YES;
				IPHONEOS_DEPLOYMENT_TARGET = 16.2;
				MARKETING_VERSION = 1.0;
				PRODUCT_BUNDLE_IDENTIFIER = iti.WeatherHubTests;
				PRODUCT_NAME = "$(TARGET_NAME)";
				SWIFT_EMIT_LOC_STRINGS = NO;
				SWIFT_VERSION = 5.0;
				TARGETED_DEVICE_FAMILY = "1,2";
				TEST_HOST = "$(BUILT_PRODUCTS_DIR)/WeatherHub.app/$(BUNDLE_EXECUTABLE_FOLDER_PATH)/WeatherHub";
			};
			name = Release;
		};
		5A9A9CFA2FE8E0470070E8B5 /* Debug */ = {
			isa = XCBuildConfiguration;
			buildSettings = {
				ALWAYS_EMBED_SWIFT_STANDARD_LIBRARIES = YES;
				CODE_SIGN_STYLE = Automatic;
				CURRENT_PROJECT_VERSION = 1;
				GENERATE_INFOPLIST_FILE = YES;
				MARKETING_VERSION = 1.0;
				PRODUCT_BUNDLE_IDENTIFIER = iti.WeatherHubUITests;
				PRODUCT_NAME = "$(TARGET_NAME)";
				SWIFT_EMIT_LOC_STRINGS = NO;
				SWIFT_VERSION = 5.0;
				TARGETED_DEVICE_FAMILY = "1,2";
				TEST_TARGET_NAME = WeatherHub;
			};
			name = Debug;
		};
		5A9A9CFB2FE8E0470070E8B5 /* Release */ = {
			isa = XCBuildConfiguration;
			buildSettings = {
				ALWAYS_EMBED_SWIFT_STANDARD_LIBRARIES = YES;
				CODE_SIGN_STYLE = Automatic;
				CURRENT_PROJECT_VERSION = 1;
				GENERATE_INFOPLIST_FILE = YES;
				MARKETING_VERSION = 1.0;
				PRODUCT_BUNDLE_IDENTIFIER = iti.WeatherHubUITests;
				PRODUCT_NAME = "$(TARGET_NAME)";
				SWIFT_EMIT_LOC_STRINGS = NO;
				SWIFT_VERSION = 5.0;
				TARGETED_DEVICE_FAMILY = "1,2";
				TEST_TARGET_NAME = WeatherHub;
			};
			name = Release;
		};
/* End XCBuildConfiguration section */

/* Begin XCConfigurationList section */
		5A9A9CC52FE8E0450070E8B5 /* Build configuration list for PBXProject "WeatherHub" */ = {
			isa = XCConfigurationList;
			buildConfigurations = (
				5A9A9CF12FE8E0470070E8B5 /* Debug */,
				5A9A9CF22FE8E0470070E8B5 /* Release */,
			);
			defaultConfigurationIsVisible = 0;
			defaultConfigurationName = Release;
		};
		5A9A9CF32FE8E0470070E8B5 /* Build configuration list for PBXNativeTarget "WeatherHub" */ = {
			isa = XCConfigurationList;
			buildConfigurations = (
				5A9A9CF42FE8E0470070E8B5 /* Debug */,
				5A9A9CF52FE8E0470070E8B5 /* Release */,
			);
			defaultConfigurationIsVisible = 0;
			defaultConfigurationName = Release;
		};
		5A9A9CF62FE8E0470070E8B5 /* Build configuration list for PBXNativeTarget "WeatherHubTests" */ = {
			isa = XCConfigurationList;
			buildConfigurations = (
				5A9A9CF72FE8E0470070E8B5 /* Debug */,
				5A9A9CF82FE8E0470070E8B5 /* Release */,
			);
			defaultConfigurationIsVisible = 0;
			defaultConfigurationName = Release;
		};
		5A9A9CF92FE8E0470070E8B5 /* Build configuration list for PBXNativeTarget "WeatherHubUITests" */ = {
			isa = XCConfigurationList;
			buildConfigurations = (
				5A9A9CFA2FE8E0470070E8B5 /* Debug */,
				5A9A9CFB2FE8E0470070E8B5 /* Release */,
			);
			defaultConfigurationIsVisible = 0;
			defaultConfigurationName = Release;
		};
/* End XCConfigurationList section */

/* Begin XCVersionGroup section */
		5A9A9CD82FE8E0470070E8B5 /* WeatherHub.xcdatamodeld */ = {
			isa = XCVersionGroup;
			children = (
				5A9A9CD92FE8E0470070E8B5 /* WeatherHub.xcdatamodel */,
			);
			currentVersion = 5A9A9CD92FE8E0470070E8B5 /* WeatherHub.xcdatamodel */;
			path = WeatherHub.xcdatamodeld;
			sourceTree = "<group>";
			versionGroupType = wrapper.xcdatamodel;
		};
/* End XCVersionGroup section */
	};
	rootObject = 5A9A9CC22FE8E0450070E8B5 /* Project object */;
}
